github.com/expr-lang/expr v1.17.8 h1:W1loDTT+0PQf5YteHSTpju2qfUfNoBt4yw9+wOEU9VM=
github.com/expr-lang/expr v1.17.8/go.mod h1:8/vRC7+7HBzESEqt5kKpYXxrxkr31SaO8r40VO/1IT4=
github.com/shopspring/decimal v1.4.0 h1:bxl37RwXBklmTi0C79JfXCEBD1cqqHt0bbgBAGFp81k=
github.com/shopspring/decimal v1.4.0/go.mod h1:gawqmDU56v4yIKSwfBSFip1HdCCXN8/+DMd9qYNcwME=
